
Microsoft Visual Studio Solution File, Format Version 12.00
# Visual Studio Version 16
VisualStudioVersion = 16.0.30114.105
MinimumVisualStudioVersion = 10.0.40219.1
Project("{FAE04EC0-301F-11D3-BF4B-00C04F79EFBC}") = "Randomiser", "Randomiser\Randomiser.csproj", "{F9F82B74-8941-4936-8499-EA87DD97E346}"
EndProject
Project("{2150E333-8FDC-42A3-9474-1A3956D46DE8}") = "Solution Items", "Solution Items", "{97B7C8A1-DC56-4D14-9847-A272EC1E33C3}"
	ProjectSection(SolutionItems) = preProject
		.editorconfig = .editorconfig
	EndProjectSection
EndProject
Global
	GlobalSection(SolutionConfigurationPlatforms) = preSolution
		Debug|Any CPU = Debug|Any CPU
		Debug|x64 = Debug|x64
		Debug|x86 = Debug|x86
		Release|Any CPU = Release|Any CPU
		Release|x64 = Release|x64
		Release|x86 = Release|x86
	EndGlobalSection
	GlobalSection(ProjectConfigurationPlatforms) = postSolution
		{F9F82B74-8941-4936-8499-EA87DD97E346}.Debug|Any CPU.ActiveCfg = Debug|Any CPU
		{F9F82B74-8941-4936-8499-EA87DD97E346}.Debug|Any CPU.Build.0 = Debug|Any CPU
		{F9F82B74-8941-4936-8499-EA87DD97E346}.Debug|x64.ActiveCfg = Debug|Any CPU
		{F9F82B74-8941-4936-8499-EA87DD97E346}.Debug|x64.Build.0 = Debug|Any CPU
		{F9F82B74-8941-4936-8499-EA87DD97E346}.Debug|x86.ActiveCfg = Debug|Any CPU
		{F9F82B74-8941-4936-8499-EA87DD97E346}.Debug|x86.Build.0 = Debug|Any CPU
		{F9F82B74-8941-4936-8499-EA87DD97E346}.Release|Any CPU.ActiveCfg = Debug|Any CPU
		{F9F82B74-8941-4936-8499-EA87DD97E346}.Release|Any CPU.Build.0 = Debug|Any CPU
		{F9F82B74-8941-4936-8499-EA87DD97E346}.Release|x64.ActiveCfg = Debug|Any CPU
		{F9F82B74-8941-4936-8499-EA87DD97E346}.Release|x64.Build.0 = Debug|Any CPU
		{F9F82B74-8941-4936-8499-EA87DD97E346}.Release|x86.ActiveCfg = Debug|Any CPU
		{F9F82B74-8941-4936-8499-EA87DD97E346}.Release|x86.Build.0 = Debug|Any CPU
	EndGlobalSection
	GlobalSection(SolutionProperties) = preSolution
		HideSolutionNode = FALSE
	EndGlobalSection
	GlobalSection(ExtensibilityGlobals) = postSolution
		SolutionGuid = {14B507E9-C26A-4570-8899-EE4D631D8186}
	EndGlobalSection
EndGlobal
